
Microsoft Visual Studio Solution File, Format Version 12.00
# Visual Studio Version 16
VisualStudioVersion = 16.0.28803.352
MinimumVisualStudioVersion = 10.0.40219.1
Project("{FAE04EC0-301F-11D3-BF4B-00C04F79EFBC}") = "GradeBook2", "GradeBook2\GradeBook2.csproj", "{74D42888-DF1C-4ED8-A5F5-57B9AF6837FA}"
EndProject
Global
	GlobalSection(SolutionConfigurationPlatforms) = preSolution
		Debug|Any CPU = Debug|Any CPU
		Release|Any CPU = Release|Any CPU
	EndGlobalSection
	GlobalSection(ProjectConfigurationPlatforms) = postSolution
		{74D42888-DF1C-4ED8-A5F5-57B9AF6837FA}.Debug|Any CPU.ActiveCfg = Debug|Any CPU
		{74D42888-DF1C-4ED8-A5F5-57B9AF6837FA}.Debug|Any CPU.Build.0 = Debug|Any CPU
		{74D42888-DF1C-4ED8-A5F5-57B9AF6837FA}.Release|Any CPU.ActiveCfg = Release|Any CPU
		{74D42888-DF1C-4ED8-A5F5-57B9AF6837FA}.Release|Any CPU.Build.0 = Release|Any CPU
	EndGlobalSection
	GlobalSection(SolutionProperties) = preSolution
		HideSolutionNode = FALSE
	EndGlobalSection
	GlobalSection(ExtensibilityGlobals) = postSolution
		SolutionGuid = {76B50114-6335-49EC-BE1B-8B66178A043E}
	EndGlobalSection
EndGlobal
