
Microsoft Visual Studio Solution File, Format Version 12.00
# Visual Studio Version 16
VisualStudioVersion = 16.0.28803.156
MinimumVisualStudioVersion = 10.0.40219.1
Project("{FAE04EC0-301F-11D3-BF4B-00C04F79EFBC}") = "Functions1", "Functions1\Functions1.csproj", "{E30126A7-532B-4CF7-8566-839C8063F055}"
EndProject
Global
	GlobalSection(SolutionConfigurationPlatforms) = preSolution
		Debug|Any CPU = Debug|Any CPU
		Release|Any CPU = Release|Any CPU
	EndGlobalSection
	GlobalSection(ProjectConfigurationPlatforms) = postSolution
		{E30126A7-532B-4CF7-8566-839C8063F055}.Debug|Any CPU.ActiveCfg = Debug|Any CPU
		{E30126A7-532B-4CF7-8566-839C8063F055}.Debug|Any CPU.Build.0 = Debug|Any CPU
		{E30126A7-532B-4CF7-8566-839C8063F055}.Release|Any CPU.ActiveCfg = Release|Any CPU
		{E30126A7-532B-4CF7-8566-839C8063F055}.Release|Any CPU.Build.0 = Release|Any CPU
	EndGlobalSection
	GlobalSection(SolutionProperties) = preSolution
		HideSolutionNode = FALSE
	EndGlobalSection
	GlobalSection(ExtensibilityGlobals) = postSolution
		SolutionGuid = {0855F5BE-33C7-4D57-BB79-D53A8869699A}
	EndGlobalSection
EndGlobal
